
Microsoft Visual Studio Solution File, Format Version 12.00
# Visual Studio Version 17
VisualStudioVersion = 17.1.32228.430
MinimumVisualStudioVersion = 10.0.40219.1
Project("{E24C65DC-7377-472B-9ABA-BC803B73C61A}") = "IKPStudio", ".", "{E8F776BB-3C5D-460E-B495-7FC9026A57EC}"
	ProjectSection(WebsiteProperties) = preProject
		TargetFrameworkMoniker = ".NETFramework,Version%3Dv4.8"
		Debug.AspNetCompiler.VirtualPath = "/localhost_54259"
		Debug.AspNetCompiler.PhysicalPath = "..\IKPStudio\"
		Debug.AspNetCompiler.TargetPath = "PrecompiledWeb\localhost_54259\"
		Debug.AspNetCompiler.Updateable = "true"
		Debug.AspNetCompiler.ForceOverwrite = "true"
		Debug.AspNetCompiler.FixedNames = "false"
		Debug.AspNetCompiler.Debug = "True"
		Release.AspNetCompiler.VirtualPath = "/localhost_54259"
		Release.AspNetCompiler.PhysicalPath = "..\IKPStudio\"
		Release.AspNetCompiler.TargetPath = "PrecompiledWeb\localhost_54259\"
		Release.AspNetCompiler.Updateable = "true"
		Release.AspNetCompiler.ForceOverwrite = "true"
		Release.AspNetCompiler.FixedNames = "false"
		Release.AspNetCompiler.Debug = "False"
		VWDPort = "54259"
		SlnRelativePath = "..\IKPStudio\"
		DefaultWebSiteLanguage = "Visual Basic"
	EndProjectSection
EndProject
Project("{2150E333-8FDC-42A3-9474-1A3956D46DE8}") = "Solution Items", "Solution Items", "{BC4DCA79-E380-476A-A7A7-AB14141AF947}"
EndProject
Global
	GlobalSection(SolutionConfigurationPlatforms) = preSolution
		Debug|Any CPU = Debug|Any CPU
	EndGlobalSection
	GlobalSection(ProjectConfigurationPlatforms) = postSolution
		{E8F776BB-3C5D-460E-B495-7FC9026A57EC}.Debug|Any CPU.ActiveCfg = Debug|Any CPU
		{E8F776BB-3C5D-460E-B495-7FC9026A57EC}.Debug|Any CPU.Build.0 = Debug|Any CPU
	EndGlobalSection
	GlobalSection(SolutionProperties) = preSolution
		HideSolutionNode = FALSE
	EndGlobalSection
	GlobalSection(ExtensibilityGlobals) = postSolution
		SolutionGuid = {D1A44438-9DCF-4991-AB9F-FEC333EA63B0}
	EndGlobalSection
EndGlobal
